// !$*UTF8*$!
{
	archiveVersion = 1;
	classes = {
	};
	objectVersion = 56;
	objects = {

/* Begin PBXBuildFile section */
		A097DCBE29EFD93800635991 /* ViewController.swift in Sources */ = {isa = PBXBuildFile; fileRef = A097DCBD29EFD93800635991 /* ViewController.swift */; };
		A0C8CCD429F596D1002C91A9 /* HamburgerMenu.swift in Sources */ = {isa = PBXBuildFile; fileRef = A0C8CCD329F596D1002C91A9 /* HamburgerMenu.swift */; };
		A0C8CCD829F6BE6F002C91A9 /* NewItemView.swift in Sources */ = {isa = PBXBuildFile; fileRef = A0C8CCD729F6BE6F002C91A9 /* NewItemView.swift */; };
		A0C8CCDA29F830FF002C91A9 /* calendarPage.swift in Sources */ = {isa = PBXBuildFile; fileRef = A0C8CCD929F830FF002C91A9 /* calendarPage.swift */; };
		A0C8CCDC29F83134002C91A9 /* searchPage.swift in Sources */ = {isa = PBXBuildFile; fileRef = A0C8CCDB29F83134002C91A9 /* searchPage.swift */; };
		A0C8CCDE29FAD9E7002C91A9 /* DrugView.swift in Sources */ = {isa = PBXBuildFile; fileRef = A0C8CCDD29FAD9E7002C91A9 /* DrugView.swift */; };
		A0C8CCE02A0663B8002C91A9 /* File.swift in Sources */ = {isa = PBXBuildFile; fileRef = A0C8CCDF2A0663B8002C91A9 /* File.swift */; };
		A0C8CCE42A0FD77C002C91A9 /* editPage.swift in Sources */ = {isa = PBXBuildFile; fileRef = A0C8CCE32A0FD77C002C91A9 /* editPage.swift */; };
		A0E1D98F29E30E6400656293 /* InventarioFarmaciApp.swift in Sources */ = {isa = PBXBuildFile; fileRef = A0E1D98E29E30E6400656293 /* InventarioFarmaciApp.swift */; };
		A0E1D99129E30E6400656293 /* ContentView.swift in Sources */ = {isa = PBXBuildFile; fileRef = A0E1D99029E30E6400656293 /* ContentView.swift */; };
		A0E1D99329E30E6500656293 /* Assets.xcassets in Resources */ = {isa = PBXBuildFile; fileRef = A0E1D99229E30E6500656293 /* Assets.xcassets */; };
		A0E1D99629E30E6500656293 /* Preview Assets.xcassets in Resources */ = {isa = PBXBuildFile; fileRef = A0E1D99529E30E6500656293 /* Preview Assets.xcassets */; };
		A0E1D99D29E58D2500656293 /* Others.swift in Sources */ = {isa = PBXBuildFile; fileRef = A0E1D99C29E58D2500656293 /* Others.swift */; };
		A0E1D99F29E59B2200656293 /* DrugController.swift in Sources */ = {isa = PBXBuildFile; fileRef = A0E1D99E29E59B2200656293 /* DrugController.swift */; };
		A0E1D9A529E695B500656293 /* SystemPackage in Frameworks */ = {isa = PBXBuildFile; productRef = A0E1D9A429E695B500656293 /* SystemPackage */; };
		A0E1D9A929E696AF00656293 /* Logger.swift in Sources */ = {isa = PBXBuildFile; fileRef = A0E1D9A829E696AF00656293 /* Logger.swift */; };
		A0E1D9AB29E9568700656293 /* Utilities.swift in Sources */ = {isa = PBXBuildFile; fileRef = A0E1D9AA29E9568700656293 /* Utilities.swift */; };
/* End PBXBuildFile section */

/* Begin PBXFileReference section */
		A097DCBD29EFD93800635991 /* ViewController.swift */ = {isa = PBXFileReference; lastKnownFileType = sourcecode.swift; path = ViewController.swift; sourceTree = "<group>"; };
		A0C8CCD329F596D1002C91A9 /* HamburgerMenu.swift */ = {isa = PBXFileReference; lastKnownFileType = sourcecode.swift; path = HamburgerMenu.swift; sourceTree = "<group>"; };
		A0C8CCD729F6BE6F002C91A9 /* NewItemView.swift */ = {isa = PBXFileReference; lastKnownFileType = sourcecode.swift; path = NewItemView.swift; sourceTree = "<group>"; };
		A0C8CCD929F830FF002C91A9 /* calendarPage.swift */ = {isa = PBXFileReference; lastKnownFileType = sourcecode.swift; path = calendarPage.swift; sourceTree = "<group>"; };
		A0C8CCDB29F83134002C91A9 /* searchPage.swift */ = {isa = PBXFileReference; lastKnownFileType = sourcecode.swift; path = searchPage.swift; sourceTree = "<group>"; };
		A0C8CCDD29FAD9E7002C91A9 /* DrugView.swift */ = {isa = PBXFileReference; lastKnownFileType = sourcecode.swift; path = DrugView.swift; sourceTree = "<group>"; };
		A0C8CCDF2A0663B8002C91A9 /* File.swift */ = {isa = PBXFileReference; lastKnownFileType = sourcecode.swift; path = File.swift; sourceTree = "<group>"; };
		A0C8CCE32A0FD77C002C91A9 /* editPage.swift */ = {isa = PBXFileReference; lastKnownFileType = sourcecode.swift; path = editPage.swift; sourceTree = "<group>"; };
		A0E1D98B29E30E6400656293 /* InventarioFarmaci.app */ = {isa = PBXFileReference; explicitFileType = wrapper.application; includeInIndex = 0; path = InventarioFarmaci.app; sourceTree = BUILT_PRODUCTS_DIR; };
		A0E1D98E29E30E6400656293 /* InventarioFarmaciApp.swift */ = {isa = PBXFileReference; lastKnownFileType = sourcecode.swift; path = InventarioFarmaciApp.swift; sourceTree = "<group>"; };
		A0E1D99029E30E6400656293 /* ContentView.swift */ = {isa = PBXFileReference; lastKnownFileType = sourcecode.swift; path = ContentView.swift; sourceTree = "<group>"; };
		A0E1D99229E30E6500656293 /* Assets.xcassets */ = {isa = PBXFileReference; lastKnownFileType = folder.assetcatalog; path = Assets.xcassets; sourceTree = "<group>"; };
		A0E1D99529E30E6500656293 /* Preview Assets.xcassets */ = {isa = PBXFileReference; lastKnownFileType = folder.assetcatalog; path = "Preview Assets.xcassets"; sourceTree = "<group>"; };
		A0E1D99C29E58D2500656293 /* Others.swift */ = {isa = PBXFileReference; lastKnownFileType = sourcecode.swift; path = Others.swift; sourceTree = "<group>"; };
		A0E1D99E29E59B2200656293 /* DrugController.swift */ = {isa = PBXFileReference; lastKnownFileType = sourcecode.swift; path = DrugController.swift; sourceTree = "<group>"; };
		A0E1D9A829E696AF00656293 /* Logger.swift */ = {isa = PBXFileReference; lastKnownFileType = sourcecode.swift; path = Logger.swift; sourceTree = "<group>"; };
		A0E1D9AA29E9568700656293 /* Utilities.swift */ = {isa = PBXFileReference; lastKnownFileType = sourcecode.swift; path = Utilities.swift; sourceTree = "<group>"; };
/* End PBXFileReference section */

/* Begin PBXFrameworksBuildPhase section */
		A0E1D98829E30E6400656293 /* Frameworks */ = {
			isa = PBXFrameworksBuildPhase;
			buildActionMask = 2147483647;
			files = (
				A0E1D9A529E695B500656293 /* SystemPackage in Frameworks */,
			);
			runOnlyForDeploymentPostprocessing = 0;
		};
/* End PBXFrameworksBuildPhase section */

/* Begin PBXGroup section */
		A097DCBA29EEDB0D00635991 /* View */ = {
			isa = PBXGroup;
			children = (
				A097DCBD29EFD93800635991 /* ViewController.swift */,
				A0C8CCD329F596D1002C91A9 /* HamburgerMenu.swift */,
				A0C8CCD729F6BE6F002C91A9 /* NewItemView.swift */,
				A0C8CCD929F830FF002C91A9 /* calendarPage.swift */,
				A0C8CCDB29F83134002C91A9 /* searchPage.swift */,
				A0C8CCDD29FAD9E7002C91A9 /* DrugView.swift */,
				A0C8CCE32A0FD77C002C91A9 /* editPage.swift */,
			);
			path = View;
			sourceTree = "<group>";
		};
		A097DCBF29F1402200635991 /* Img */ = {
			isa = PBXGroup;
			children = (
			);
			path = Img;
			sourceTree = "<group>";
		};
		A0E1D98229E30E6400656293 = {
			isa = PBXGroup;
			children = (
				A0C8CCDF2A0663B8002C91A9 /* File.swift */,
				A0E1D98D29E30E6400656293 /* InventarioFarmaci */,
				A0E1D98C29E30E6400656293 /* Products */,
			);
			sourceTree = "<group>";
		};
		A0E1D98C29E30E6400656293 /* Products */ = {
			isa = PBXGroup;
			children = (
				A0E1D98B29E30E6400656293 /* InventarioFarmaci.app */,
			);
			name = Products;
			sourceTree = "<group>";
		};
		A0E1D98D29E30E6400656293 /* InventarioFarmaci */ = {
			isa = PBXGroup;
			children = (
				A097DCBF29F1402200635991 /* Img */,
				A097DCBA29EEDB0D00635991 /* View */,
				A0E1D9A729E6963000656293 /* Log */,
				A0E1D9A629E695E900656293 /* Data */,
				A0E1D98E29E30E6400656293 /* InventarioFarmaciApp.swift */,
				A0E1D9AC29E956A100656293 /* Controller */,
				A0E1D99029E30E6400656293 /* ContentView.swift */,
				A0E1D9AD29E956B800656293 /* Utilities */,
				A0E1D99229E30E6500656293 /* Assets.xcassets */,
				A0E1D99429E30E6500656293 /* Preview Content */,
			);
			path = InventarioFarmaci;
			sourceTree = "<group>";
		};
		A0E1D99429E30E6500656293 /* Preview Content */ = {
			isa = PBXGroup;
			children = (
				A0E1D99529E30E6500656293 /* Preview Assets.xcassets */,
			);
			path = "Preview Content";
			sourceTree = "<group>";
		};
		A0E1D9A629E695E900656293 /* Data */ = {
			isa = PBXGroup;
			children = (
			);
			path = Data;
			sourceTree = "<group>";
		};
		A0E1D9A729E6963000656293 /* Log */ = {
			isa = PBXGroup;
			children = (
			);
			path = Log;
			sourceTree = "<group>";
		};
		A0E1D9AC29E956A100656293 /* Controller */ = {
			isa = PBXGroup;
			children = (
				A0E1D99E29E59B2200656293 /* DrugController.swift */,
			);
			path = Controller;
			sourceTree = "<group>";
		};
		A0E1D9AD29E956B800656293 /* Utilities */ = {
			isa = PBXGroup;
			children = (
				A0E1D99C29E58D2500656293 /* Others.swift */,
				A0E1D9AA29E9568700656293 /* Utilities.swift */,
				A0E1D9A829E696AF00656293 /* Logger.swift */,
			);
			path = Utilities;
			sourceTree = "<group>";
		};
/* End PBXGroup section */

/* Begin PBXNativeTarget section */
		A0E1D98A29E30E6400656293 /* InventarioFarmaci */ = {
			isa = PBXNativeTarget;
			buildConfigurationList = A0E1D99929E30E6500656293 /* Build configuration list for PBXNativeTarget "InventarioFarmaci" */;
			buildPhases = (
				A0E1D98729E30E6400656293 /* Sources */,
				A0E1D98829E30E6400656293 /* Frameworks */,
				A0E1D98929E30E6400656293 /* Resources */,
			);
			buildRules = (
			);
			dependencies = (
			);
			name = InventarioFarmaci;
			packageProductDependencies = (
				A0E1D9A429E695B500656293 /* SystemPackage */,
			);
			productName = InventarioFarmaci;
			productReference = A0E1D98B29E30E6400656293 /* InventarioFarmaci.app */;
			productType = "com.apple.product-type.application";
		};
/* End PBXNativeTarget section */

/* Begin PBXProject section */
		A0E1D98329E30E6400656293 /* Project object */ = {
			isa = PBXProject;
			attributes = {
				BuildIndependentTargetsInParallel = 1;
				LastSwiftUpdateCheck = 1430;
				LastUpgradeCheck = 1430;
				TargetAttributes = {
					A0E1D98A29E30E6400656293 = {
						CreatedOnToolsVersion = 14.3;
					};
				};
			};
			buildConfigurationList = A0E1D98629E30E6400656293 /* Build configuration list for PBXProject "InventarioFarmaci" */;
			compatibilityVersion = "Xcode 14.0";
			developmentRegion = en;
			hasScannedForEncodings = 0;
			knownRegions = (
				en,
				Base,
			);
			mainGroup = A0E1D98229E30E6400656293;
			packageReferences = (
				A0E1D9A329E695B500656293 /* XCRemoteSwiftPackageReference "swift-system" */,
			);
			productRefGroup = A0E1D98C29E30E6400656293 /* Products */;
			projectDirPath = "";
			projectRoot = "";
			targets = (
				A0E1D98A29E30E6400656293 /* InventarioFarmaci */,
			);
		};
/* End PBXProject section */

/* Begin PBXResourcesBuildPhase section */
		A0E1D98929E30E6400656293 /* Resources */ = {
			isa = PBXResourcesBuildPhase;
			buildActionMask = 2147483647;
			files = (
				A0E1D99629E30E6500656293 /* Preview Assets.xcassets in Resources */,
				A0E1D99329E30E6500656293 /* Assets.xcassets in Resources */,
			);
			runOnlyForDeploymentPostprocessing = 0;
		};
/* End PBXResourcesBuildPhase section */

/* Begin PBXSourcesBuildPhase section */
		A0E1D98729E30E6400656293 /* Sources */ = {
			isa = PBXSourcesBuildPhase;
			buildActionMask = 2147483647;
			files = (
				A0C8CCDC29F83134002C91A9 /* searchPage.swift in Sources */,
				A0C8CCDA29F830FF002C91A9 /* calendarPage.swift in Sources */,
				A0C8CCE42A0FD77C002C91A9 /* editPage.swift in Sources */,
				A0E1D9AB29E9568700656293 /* Utilities.swift in Sources */,
				A0C8CCD429F596D1002C91A9 /* HamburgerMenu.swift in Sources */,
				A0E1D9A929E696AF00656293 /* Logger.swift in Sources */,
				A0C8CCD829F6BE6F002C91A9 /* NewItemView.swift in Sources */,
				A097DCBE29EFD93800635991 /* ViewController.swift in Sources */,
				A0E1D99129E30E6400656293 /* ContentView.swift in Sources */,
				A0E1D99F29E59B2200656293 /* DrugController.swift in Sources */,
				A0E1D98F29E30E6400656293 /* InventarioFarmaciApp.swift in Sources */,
				A0C8CCE02A0663B8002C91A9 /* File.swift in Sources */,
				A0C8CCDE29FAD9E7002C91A9 /* DrugView.swift in Sources */,
				A0E1D99D29E58D2500656293 /* Others.swift in Sources */,
			);
			runOnlyForDeploymentPostprocessing = 0;
		};
/* End PBXSourcesBuildPhase section */

/* Begin XCBuildConfiguration section */
		A0E1D99729E30E6500656293 /* Debug */ = {
			isa = XCBuildConfiguration;
			buildSettings = {
				ALWAYS_SEARCH_USER_PATHS = NO;
				CLANG_ANALYZER_NONNULL = YES;
				CLANG_ANALYZER_NUMBER_OBJECT_CONVERSION = YES_AGGRESSIVE;
				CLANG_CXX_LANGUAGE_STANDARD = "gnu++20";
				CLANG_ENABLE_MODULES = YES;
				CLANG_ENABLE_OBJC_ARC = YES;
				CLANG_ENABLE_OBJC_WEAK = YES;
				CLANG_WARN_BLOCK_CAPTURE_AUTORELEASING = YES;
				CLANG_WARN_BOOL_CONVERSION = YES;
				CLANG_WARN_COMMA = YES;
				CLANG_WARN_CONSTANT_CONVERSION = YES;
				CLANG_WARN_DEPRECATED_OBJC_IMPLEMENTATIONS = YES;
				CLANG_WARN_DIRECT_OBJC_ISA_USAGE = YES_ERROR;
				CLANG_WARN_DOCUMENTATION_COMMENTS = YES;
				CLANG_WARN_EMPTY_BODY = YES;
				CLANG_WARN_ENUM_CONVERSION = YES;
				CLANG_WARN_INFINITE_RECURSION = YES;
				CLANG_WARN_INT_CONVERSION = YES;
				CLANG_WARN_NON_LITERAL_NULL_CONVERSION = YES;
				CLANG_WARN_OBJC_IMPLICIT_RETAIN_SELF = YES;
				CLANG_WARN_OBJC_LITERAL_CONVERSION = YES;
				CLANG_WARN_OBJC_ROOT_CLASS = YES_ERROR;
				CLANG_WARN_QUOTED_INCLUDE_IN_FRAMEWORK_HEADER = YES;
				CLANG_WARN_RANGE_LOOP_ANALYSIS = YES;
				CLANG_WARN_STRICT_PROTOTYPES = YES;
				CLANG_WARN_SUSPICIOUS_MOVE = YES;
				CLANG_WARN_UNGUARDED_AVAILABILITY = YES_AGGRESSIVE;
				CLANG_WARN_UNREACHABLE_CODE = YES;
				CLANG_WARN__DUPLICATE_METHOD_MATCH = YES;
				COPY_PHASE_STRIP = NO;
				DEBUG_INFORMATION_FORMAT = dwarf;
				ENABLE_STRICT_OBJC_MSGSEND = YES;
				ENABLE_TESTABILITY = YES;
				GCC_C_LANGUAGE_STANDARD = gnu11;
				GCC_DYNAMIC_NO_PIC = NO;
				GCC_NO_COMMON_BLOCKS = YES;
				GCC_OPTIMIZATION_LEVEL = 0;
				GCC_PREPROCESSOR_DEFINITIONS = (
					"DEBUG=1",
					"$(inherited)",
				);
				GCC_WARN_64_TO_32_BIT_CONVERSION = YES;
				GCC_WARN_ABOUT_RETURN_TYPE = YES_ERROR;
				GCC_WARN_UNDECLARED_SELECTOR = YES;
				GCC_WARN_UNINITIALIZED_AUTOS = YES_AGGRESSIVE;
				GCC_WARN_UNUSED_FUNCTION = YES;
				GCC_WARN_UNUSED_VARIABLE = YES;
				IPHONEOS_DEPLOYMENT_TARGET = 16.4;
				MTL_ENABLE_DEBUG_INFO = INCLUDE_SOURCE;
				MTL_FAST_MATH = YES;
				ONLY_ACTIVE_ARCH = YES;
				SDKROOT = iphoneos;
				SWIFT_ACTIVE_COMPILATION_CONDITIONS = DEBUG;
				SWIFT_OPTIMIZATION_LEVEL = "-Onone";
			};
			name = Debug;
		};
		A0E1D99829E30E6500656293 /* Release */ = {
			isa = XCBuildConfiguration;
			buildSettings = {
				ALWAYS_SEARCH_USER_PATHS = NO;
				CLANG_ANALYZER_NONNULL = YES;
				CLANG_ANALYZER_NUMBER_OBJECT_CONVERSION = YES_AGGRESSIVE;
				CLANG_CXX_LANGUAGE_STANDARD = "gnu++20";
				CLANG_ENABLE_MODULES = YES;
				CLANG_ENABLE_OBJC_ARC = YES;
				CLANG_ENABLE_OBJC_WEAK = YES;
				CLANG_WARN_BLOCK_CAPTURE_AUTORELEASING = YES;
				CLANG_WARN_BOOL_CONVERSION = YES;
				CLANG_WARN_COMMA = YES;
				CLANG_WARN_CONSTANT_CONVERSION = YES;
				CLANG_WARN_DEPRECATED_OBJC_IMPLEMENTATIONS = YES;
				CLANG_WARN_DIRECT_OBJC_ISA_USAGE = YES_ERROR;
				CLANG_WARN_DOCUMENTATION_COMMENTS = YES;
				CLANG_WARN_EMPTY_BODY = YES;
				CLANG_WARN_ENUM_CONVERSION = YES;
				CLANG_WARN_INFINITE_RECURSION = YES;
				CLANG_WARN_INT_CONVERSION = YES;
				CLANG_WARN_NON_LITERAL_NULL_CONVERSION = YES;
				CLANG_WARN_OBJC_IMPLICIT_RETAIN_SELF = YES;
				CLANG_WARN_OBJC_LITERAL_CONVERSION = YES;
				CLANG_WARN_OBJC_ROOT_CLASS = YES_ERROR;
				CLANG_WARN_QUOTED_INCLUDE_IN_FRAMEWORK_HEADER = YES;
				CLANG_WARN_RANGE_LOOP_ANALYSIS = YES;
				CLANG_WARN_STRICT_PROTOTYPES = YES;
				CLANG_WARN_SUSPICIOUS_MOVE = YES;
				CLANG_WARN_UNGUARDED_AVAILABILITY = YES_AGGRESSIVE;
				CLANG_WARN_UNREACHABLE_CODE = YES;
				CLANG_WARN__DUPLICATE_METHOD_MATCH = YES;
				COPY_PHASE_STRIP = NO;
				DEBUG_INFORMATION_FORMAT = "dwarf-with-dsym";
				ENABLE_NS_ASSERTIONS = NO;
				ENABLE_STRICT_OBJC_MSGSEND = YES;
				GCC_C_LANGUAGE_STANDARD = gnu11;
				GCC_NO_COMMON_BLOCKS = YES;
				GCC_WARN_64_TO_32_BIT_CONVERSION = YES;
				GCC_WARN_ABOUT_RETURN_TYPE = YES_ERROR;
				GCC_WARN_UNDECLARED_SELECTOR = YES;
				GCC_WARN_UNINITIALIZED_AUTOS = YES_AGGRESSIVE;
				GCC_WARN_UNUSED_FUNCTION = YES;
				GCC_WARN_UNUSED_VARIABLE = YES;
				IPHONEOS_DEPLOYMENT_TARGET = 16.4;
				MTL_ENABLE_DEBUG_INFO = NO;
				MTL_FAST_MATH = YES;
				SDKROOT = iphoneos;
				SWIFT_COMPILATION_MODE = wholemodule;
				SWIFT_OPTIMIZATION_LEVEL = "-O";
				VALIDATE_PRODUCT = YES;
			};
			name = Release;
		};
		A0E1D99A29E30E6500656293 /* Debug */ = {
			isa = XCBuildConfiguration;
			buildSettings = {
				ASSETCATALOG_COMPILER_APPICON_NAME = AppIcon;
				ASSETCATALOG_COMPILER_GLOBAL_ACCENT_COLOR_NAME = AccentColor;
				CODE_SIGN_STYLE = Automatic;
				CURRENT_PROJECT_VERSION = 1;
				DEVELOPMENT_ASSET_PATHS = "\"InventarioFarmaci/Preview Content\"";
				DEVELOPMENT_TEAM = XR2V3Y33Z2;
				ENABLE_PREVIEWS = YES;
				GENERATE_INFOPLIST_FILE = YES;
				INFOPLIST_KEY_LSApplicationCategoryType = "public.app-category.lifestyle";
				INFOPLIST_KEY_UIApplicationSceneManifest_Generation = YES;
				INFOPLIST_KEY_UIApplicationSupportsIndirectInputEvents = YES;
				INFOPLIST_KEY_UILaunchScreen_Generation = YES;
				INFOPLIST_KEY_UISupportedInterfaceOrientations_iPad = "UIInterfaceOrientationPortrait UIInterfaceOrientationPortraitUpsideDown UIInterfaceOrientationLandscapeLeft UIInterfaceOrientationLandscapeRight";
				INFOPLIST_KEY_UISupportedInterfaceOrientations_iPhone = "UIInterfaceOrientationPortrait UIInterfaceOrientationLandscapeLeft UIInterfaceOrientationLandscapeRight";
				IPHONEOS_DEPLOYMENT_TARGET = 16.0;
				LD_RUNPATH_SEARCH_PATHS = (
					"$(inherited)",
					"@executable_path/Frameworks",
				);
				MARKETING_VERSION = 1.0;
				PRODUCT_BUNDLE_IDENTIFIER = marcomarano.InventarioFarmaci;
				PRODUCT_NAME = "$(TARGET_NAME)";
				SWIFT_EMIT_LOC_STRINGS = YES;
				SWIFT_VERSION = 5.0;
				TARGETED_DEVICE_FAMILY = "1,2";
			};
			name = Debug;
		};
		A0E1D99B29E30E6500656293 /* Release */ = {
			isa = XCBuildConfiguration;
			buildSettings = {
				ASSETCATALOG_COMPILER_APPICON_NAME = AppIcon;
				ASSETCATALOG_COMPILER_GLOBAL_ACCENT_COLOR_NAME = AccentColor;
				CODE_SIGN_STYLE = Automatic;
				CURRENT_PROJECT_VERSION = 1;
				DEVELOPMENT_ASSET_PATHS = "\"InventarioFarmaci/Preview Content\"";
				DEVELOPMENT_TEAM = XR2V3Y33Z2;
				ENABLE_PREVIEWS = YES;
				GENERATE_INFOPLIST_FILE = YES;
				INFOPLIST_KEY_LSApplicationCategoryType = "public.app-category.lifestyle";
				INFOPLIST_KEY_UIApplicationSceneManifest_Generation = YES;
				INFOPLIST_KEY_UIApplicationSupportsIndirectInputEvents = YES;
				INFOPLIST_KEY_UILaunchScreen_Generation = YES;
				INFOPLIST_KEY_UISupportedInterfaceOrientations_iPad = "UIInterfaceOrientationPortrait UIInterfaceOrientationPortraitUpsideDown UIInterfaceOrientationLandscapeLeft UIInterfaceOrientationLandscapeRight";
				INFOPLIST_KEY_UISupportedInterfaceOrientations_iPhone = "UIInterfaceOrientationPortrait UIInterfaceOrientationLandscapeLeft UIInterfaceOrientationLandscapeRight";
				IPHONEOS_DEPLOYMENT_TARGET = 16.0;
				LD_RUNPATH_SEARCH_PATHS = (
					"$(inherited)",
					"@executable_path/Frameworks",
				);
				MARKETING_VERSION = 1.0;
				PRODUCT_BUNDLE_IDENTIFIER = marcomarano.InventarioFarmaci;
				PRODUCT_NAME = "$(TARGET_NAME)";
				SWIFT_EMIT_LOC_STRINGS = YES;
				SWIFT_VERSION = 5.0;
				TARGETED_DEVICE_FAMILY = "1,2";
			};
			name = Release;
		};
/* End XCBuildConfiguration section */

/* Begin XCConfigurationList section */
		A0E1D98629E30E6400656293 /* Build configuration list for PBXProject "InventarioFarmaci" */ = {
			isa = XCConfigurationList;
			buildConfigurations = (
				A0E1D99729E30E6500656293 /* Debug */,
				A0E1D99829E30E6500656293 /* Release */,
			);
			defaultConfigurationIsVisible = 0;
			defaultConfigurationName = Release;
		};
		A0E1D99929E30E6500656293 /* Build configuration list for PBXNativeTarget "InventarioFarmaci" */ = {
			isa = XCConfigurationList;
			buildConfigurations = (
				A0E1D99A29E30E6500656293 /* Debug */,
				A0E1D99B29E30E6500656293 /* Release */,
			);
			defaultConfigurationIsVisible = 0;
			defaultConfigurationName = Release;
		};
/* End XCConfigurationList section */

/* Begin XCRemoteSwiftPackageReference section */
		A0E1D9A329E695B500656293 /* XCRemoteSwiftPackageReference "swift-system" */ = {
			isa = XCRemoteSwiftPackageReference;
			repositoryURL = "https://github.com/apple/swift-system.git";
			requirement = {
				kind = upToNextMajorVersion;
				minimumVersion = 1.0.0;
			};
		};
/* End XCRemoteSwiftPackageReference section */

/* Begin XCSwiftPackageProductDependency section */
		A0E1D9A429E695B500656293 /* SystemPackage */ = {
			isa = XCSwiftPackageProductDependency;
			package = A0E1D9A329E695B500656293 /* XCRemoteSwiftPackageReference "swift-system" */;
			productName = SystemPackage;
		};
/* End XCSwiftPackageProductDependency section */
	};
	rootObject = A0E1D98329E30E6400656293 /* Project object */;
}
